// !$*UTF8*$!
{
	archiveVersion = 1;
	classes = {
	};
	objectVersion = 56;
	objects = {

/* Begin PBXBuildFile section */
		3705D32729CC0E5B00284B9A /* appi_callApp.swift in Sources */ = {isa = PBXBuildFile; fileRef = 3705D32629CC0E5B00284B9A /* appi_callApp.swift */; };
		3705D32929CC0E5B00284B9A /* ContentView.swift in Sources */ = {isa = PBXBuildFile; fileRef = 3705D32829CC0E5B00284B9A /* ContentView.swift */; };
		3705D32B29CC0E5D00284B9A /* Assets.xcassets in Resources */ = {isa = PBXBuildFile; fileRef = 3705D32A29CC0E5D00284B9A /* Assets.xcassets */; };
		3705D32E29CC0E5D00284B9A /* Preview Assets.xcassets in Resources */ = {isa = PBXBuildFile; fileRef = 3705D32D29CC0E5D00284B9A /* Preview Assets.xcassets */; };
		3705D33529CD079600284B9A /* API.swift in Sources */ = {isa = PBXBuildFile; fileRef = 3705D33429CD079600284B9A /* API.swift */; };
		370909EC29D284500029C296 /* AddressView.swift in Sources */ = {isa = PBXBuildFile; fileRef = 370909EB29D284500029C296 /* AddressView.swift */; };
		370909EE29D2896A0029C296 /* JobModel.swift in Sources */ = {isa = PBXBuildFile; fileRef = 370909ED29D2896A0029C296 /* JobModel.swift */; };
		373ABA6E29D28FC600087C60 /* JobView.swift in Sources */ = {isa = PBXBuildFile; fileRef = 373ABA6D29D28FC600087C60 /* JobView.swift */; };
		37CAE58729CD106D00400068 /* PersonView.swift in Sources */ = {isa = PBXBuildFile; fileRef = 37CAE58629CD106D00400068 /* PersonView.swift */; };
		37CAE58929CD121F00400068 /* PersonModel.swift in Sources */ = {isa = PBXBuildFile; fileRef = 37CAE58829CD121F00400068 /* PersonModel.swift */; };
/* End PBXBuildFile section */

/* Begin PBXFileReference section */
		3705D32329CC0E5B00284B9A /* appi-call.app */ = {isa = PBXFileReference; explicitFileType = wrapper.application; includeInIndex = 0; path = "appi-call.app"; sourceTree = BUILT_PRODUCTS_DIR; };
		3705D32629CC0E5B00284B9A /* appi_callApp.swift */ = {isa = PBXFileReference; lastKnownFileType = sourcecode.swift; path = appi_callApp.swift; sourceTree = "<group>"; };
		3705D32829CC0E5B00284B9A /* ContentView.swift */ = {isa = PBXFileReference; lastKnownFileType = sourcecode.swift; path = ContentView.swift; sourceTree = "<group>"; };
		3705D32A29CC0E5D00284B9A /* Assets.xcassets */ = {isa = PBXFileReference; lastKnownFileType = folder.assetcatalog; path = Assets.xcassets; sourceTree = "<group>"; };
		3705D32D29CC0E5D00284B9A /* Preview Assets.xcassets */ = {isa = PBXFileReference; lastKnownFileType = folder.assetcatalog; path = "Preview Assets.xcassets"; sourceTree = "<group>"; };
		3705D33429CD079600284B9A /* API.swift */ = {isa = PBXFileReference; lastKnownFileType = sourcecode.swift; path = API.swift; sourceTree = "<group>"; };
		370909EB29D284500029C296 /* AddressView.swift */ = {isa = PBXFileReference; lastKnownFileType = sourcecode.swift; path = AddressView.swift; sourceTree = "<group>"; };
		370909ED29D2896A0029C296 /* JobModel.swift */ = {isa = PBXFileReference; lastKnownFileType = sourcecode.swift; path = JobModel.swift; sourceTree = "<group>"; };
		373ABA6D29D28FC600087C60 /* JobView.swift */ = {isa = PBXFileReference; lastKnownFileType = sourcecode.swift; path = JobView.swift; sourceTree = "<group>"; };
		37CAE58629CD106D00400068 /* PersonView.swift */ = {isa = PBXFileReference; lastKnownFileType = sourcecode.swift; path = PersonView.swift; sourceTree = "<group>"; };
		37CAE58829CD121F00400068 /* PersonModel.swift */ = {isa = PBXFileReference; lastKnownFileType = sourcecode.swift; path = PersonModel.swift; sourceTree = "<group>"; };
/* End PBXFileReference section */

/* Begin PBXFrameworksBuildPhase section */
		3705D32029CC0E5B00284B9A /* Frameworks */ = {
			isa = PBXFrameworksBuildPhase;
			buildActionMask = 2147483647;
			files = (
			);
			runOnlyForDeploymentPostprocessing = 0;
		};
/* End PBXFrameworksBuildPhase section */

/* Begin PBXGroup section */
		3705D31A29CC0E5B00284B9A = {
			isa = PBXGroup;
			children = (
				3705D32529CC0E5B00284B9A /* appi-call */,
				3705D32429CC0E5B00284B9A /* Products */,
			);
			sourceTree = "<group>";
		};
		3705D32429CC0E5B00284B9A /* Products */ = {
			isa = PBXGroup;
			children = (
				3705D32329CC0E5B00284B9A /* appi-call.app */,
			);
			name = Products;
			sourceTree = "<group>";
		};
		3705D32529CC0E5B00284B9A /* appi-call */ = {
			isa = PBXGroup;
			children = (
				373ABA6D29D28FC600087C60 /* JobView.swift */,
				370909ED29D2896A0029C296 /* JobModel.swift */,
				3705D32629CC0E5B00284B9A /* appi_callApp.swift */,
				3705D32829CC0E5B00284B9A /* ContentView.swift */,
				3705D32A29CC0E5D00284B9A /* Assets.xcassets */,
				3705D32C29CC0E5D00284B9A /* Preview Content */,
				3705D33429CD079600284B9A /* API.swift */,
				37CAE58629CD106D00400068 /* PersonView.swift */,
				37CAE58829CD121F00400068 /* PersonModel.swift */,
				370909EB29D284500029C296 /* AddressView.swift */,
			);
			path = "appi-call";
			sourceTree = "<group>";
		};
		3705D32C29CC0E5D00284B9A /* Preview Content */ = {
			isa = PBXGroup;
			children = (
				3705D32D29CC0E5D00284B9A /* Preview Assets.xcassets */,
			);
			path = "Preview Content";
			sourceTree = "<group>";
		};
/* End PBXGroup section */

/* Begin PBXNativeTarget section */
		3705D32229CC0E5B00284B9A /* appi-call */ = {
			isa = PBXNativeTarget;
			buildConfigurationList = 3705D33129CC0E5D00284B9A /* Build configuration list for PBXNativeTarget "appi-call" */;
			buildPhases = (
				3705D31F29CC0E5B00284B9A /* Sources */,
				3705D32029CC0E5B00284B9A /* Frameworks */,
				3705D32129CC0E5B00284B9A /* Resources */,
			);
			buildRules = (
			);
			dependencies = (
			);
			name = "appi-call";
			productName = "appi-call";
			productReference = 3705D32329CC0E5B00284B9A /* appi-call.app */;
			productType = "com.apple.product-type.application";
		};
/* End PBXNativeTarget section */

/* Begin PBXProject section */
		3705D31B29CC0E5B00284B9A /* Project object */ = {
			isa = PBXProject;
			attributes = {
				BuildIndependentTargetsInParallel = 1;
				LastSwiftUpdateCheck = 1420;
				LastUpgradeCheck = 1420;
				TargetAttributes = {
					3705D32229CC0E5B00284B9A = {
						CreatedOnToolsVersion = 14.2;
					};
				};
			};
			buildConfigurationList = 3705D31E29CC0E5B00284B9A /* Build configuration list for PBXProject "appi-call" */;
			compatibilityVersion = "Xcode 14.0";
			developmentRegion = en;
			hasScannedForEncodings = 0;
			knownRegions = (
				en,
				Base,
			);
			mainGroup = 3705D31A29CC0E5B00284B9A;
			productRefGroup = 3705D32429CC0E5B00284B9A /* Products */;
			projectDirPath = "";
			projectRoot = "";
			targets = (
				3705D32229CC0E5B00284B9A /* appi-call */,
			);
		};
/* End PBXProject section */

/* Begin PBXResourcesBuildPhase section */
		3705D32129CC0E5B00284B9A /* Resources */ = {
			isa = PBXResourcesBuildPhase;
			buildActionMask = 2147483647;
			files = (
				3705D32E29CC0E5D00284B9A /* Preview Assets.xcassets in Resources */,
				3705D32B29CC0E5D00284B9A /* Assets.xcassets in Resources */,
			);
			runOnlyForDeploymentPostprocessing = 0;
		};
/* End PBXResourcesBuildPhase section */

/* Begin PBXSourcesBuildPhase section */
		3705D31F29CC0E5B00284B9A /* Sources */ = {
			isa = PBXSourcesBuildPhase;
			buildActionMask = 2147483647;
			files = (
				3705D32929CC0E5B00284B9A /* ContentView.swift in Sources */,
				37CAE58729CD106D00400068 /* PersonView.swift in Sources */,
				37CAE58929CD121F00400068 /* PersonModel.swift in Sources */,
				3705D33529CD079600284B9A /* API.swift in Sources */,
				3705D32729CC0E5B00284B9A /* appi_callApp.swift in Sources */,
				370909EC29D284500029C296 /* AddressView.swift in Sources */,
				373ABA6E29D28FC600087C60 /* JobView.swift in Sources */,
				370909EE29D2896A0029C296 /* JobModel.swift in Sources */,
			);
			runOnlyForDeploymentPostprocessing = 0;
		};
/* End PBXSourcesBuildPhase section */

/* Begin XCBuildConfiguration section */
		3705D32F29CC0E5D00284B9A /* Debug */ = {
			isa = XCBuildConfiguration;
			buildSettings = {
				ALWAYS_SEARCH_USER_PATHS = NO;
				CLANG_ANALYZER_NONNULL = YES;
				CLANG_ANALYZER_NUMBER_OBJECT_CONVERSION = YES_AGGRESSIVE;
				CLANG_CXX_LANGUAGE_STANDARD = "gnu++20";
				CLANG_ENABLE_MODULES = YES;
				CLANG_ENABLE_OBJC_ARC = YES;
				CLANG_ENABLE_OBJC_WEAK = YES;
				CLANG_WARN_BLOCK_CAPTURE_AUTORELEASING = YES;
				CLANG_WARN_BOOL_CONVERSION = YES;
				CLANG_WARN_COMMA = YES;
				CLANG_WARN_CONSTANT_CONVERSION = YES;
				CLANG_WARN_DEPRECATED_OBJC_IMPLEMENTATIONS = YES;
				CLANG_WARN_DIRECT_OBJC_ISA_USAGE = YES_ERROR;
				CLANG_WARN_DOCUMENTATION_COMMENTS = YES;
				CLANG_WARN_EMPTY_BODY = YES;
				CLANG_WARN_ENUM_CONVERSION = YES;
				CLANG_WARN_INFINITE_RECURSION = YES;
				CLANG_WARN_INT_CONVERSION = YES;
				CLANG_WARN_NON_LITERAL_NULL_CONVERSION = YES;
				CLANG_WARN_OBJC_IMPLICIT_RETAIN_SELF = YES;
				CLANG_WARN_OBJC_LITERAL_CONVERSION = YES;
				CLANG_WARN_OBJC_ROOT_CLASS = YES_ERROR;
				CLANG_WARN_QUOTED_INCLUDE_IN_FRAMEWORK_HEADER = YES;
				CLANG_WARN_RANGE_LOOP_ANALYSIS = YES;
				CLANG_WARN_STRICT_PROTOTYPES = YES;
				CLANG_WARN_SUSPICIOUS_MOVE = YES;
				CLANG_WARN_UNGUARDED_AVAILABILITY = YES_AGGRESSIVE;
				CLANG_WARN_UNREACHABLE_CODE = YES;
				CLANG_WARN__DUPLICATE_METHOD_MATCH = YES;
				COPY_PHASE_STRIP = NO;
				DEBUG_INFORMATION_FORMAT = dwarf;
				ENABLE_STRICT_OBJC_MSGSEND = YES;
				ENABLE_TESTABILITY = YES;
				GCC_C_LANGUAGE_STANDARD = gnu11;
				GCC_DYNAMIC_NO_PIC = NO;
				GCC_NO_COMMON_BLOCKS = YES;
				GCC_OPTIMIZATION_LEVEL = 0;
				GCC_PREPROCESSOR_DEFINITIONS = (
					"DEBUG=1",
					"$(inherited)",
				);
				GCC_WARN_64_TO_32_BIT_CONVERSION = YES;
				GCC_WARN_ABOUT_RETURN_TYPE = YES_ERROR;
				GCC_WARN_UNDECLARED_SELECTOR = YES;
				GCC_WARN_UNINITIALIZED_AUTOS = YES_AGGRESSIVE;
				GCC_WARN_UNUSED_FUNCTION = YES;
				GCC_WARN_UNUSED_VARIABLE = YES;
				IPHONEOS_DEPLOYMENT_TARGET = 16.2;
				MTL_ENABLE_DEBUG_INFO = INCLUDE_SOURCE;
				MTL_FAST_MATH = YES;
				ONLY_ACTIVE_ARCH = YES;
				SDKROOT = iphoneos;
				SWIFT_ACTIVE_COMPILATION_CONDITIONS = DEBUG;
				SWIFT_OPTIMIZATION_LEVEL = "-Onone";
			};
			name = Debug;
		};
		3705D33029CC0E5D00284B9A /* Release */ = {
			isa = XCBuildConfiguration;
			buildSettings = {
				ALWAYS_SEARCH_USER_PATHS = NO;
				CLANG_ANALYZER_NONNULL = YES;
				CLANG_ANALYZER_NUMBER_OBJECT_CONVERSION = YES_AGGRESSIVE;
				CLANG_CXX_LANGUAGE_STANDARD = "gnu++20";
				CLANG_ENABLE_MODULES = YES;
				CLANG_ENABLE_OBJC_ARC = YES;
				CLANG_ENABLE_OBJC_WEAK = YES;
				CLANG_WARN_BLOCK_CAPTURE_AUTORELEASING = YES;
				CLANG_WARN_BOOL_CONVERSION = YES;
				CLANG_WARN_COMMA = YES;
				CLANG_WARN_CONSTANT_CONVERSION = YES;
				CLANG_WARN_DEPRECATED_OBJC_IMPLEMENTATIONS = YES;
				CLANG_WARN_DIRECT_OBJC_ISA_USAGE = YES_ERROR;
				CLANG_WARN_DOCUMENTATION_COMMENTS = YES;
				CLANG_WARN_EMPTY_BODY = YES;
				CLANG_WARN_ENUM_CONVERSION = YES;
				CLANG_WARN_INFINITE_RECURSION = YES;
				CLANG_WARN_INT_CONVERSION = YES;
				CLANG_WARN_NON_LITERAL_NULL_CONVERSION = YES;
				CLANG_WARN_OBJC_IMPLICIT_RETAIN_SELF = YES;
				CLANG_WARN_OBJC_LITERAL_CONVERSION = YES;
				CLANG_WARN_OBJC_ROOT_CLASS = YES_ERROR;
				CLANG_WARN_QUOTED_INCLUDE_IN_FRAMEWORK_HEADER = YES;
				CLANG_WARN_RANGE_LOOP_ANALYSIS = YES;
				CLANG_WARN_STRICT_PROTOTYPES = YES;
				CLANG_WARN_SUSPICIOUS_MOVE = YES;
				CLANG_WARN_UNGUARDED_AVAILABILITY = YES_AGGRESSIVE;
				CLANG_WARN_UNREACHABLE_CODE = YES;
				CLANG_WARN__DUPLICATE_METHOD_MATCH = YES;
				COPY_PHASE_STRIP = NO;
				DEBUG_INFORMATION_FORMAT = "dwarf-with-dsym";
				ENABLE_NS_ASSERTIONS = NO;
				ENABLE_STRICT_OBJC_MSGSEND = YES;
				GCC_C_LANGUAGE_STANDARD = gnu11;
				GCC_NO_COMMON_BLOCKS = YES;
				GCC_WARN_64_TO_32_BIT_CONVERSION = YES;
				GCC_WARN_ABOUT_RETURN_TYPE = YES_ERROR;
				GCC_WARN_UNDECLARED_SELECTOR = YES;
				GCC_WARN_UNINITIALIZED_AUTOS = YES_AGGRESSIVE;
				GCC_WARN_UNUSED_FUNCTION = YES;
				GCC_WARN_UNUSED_VARIABLE = YES;
				IPHONEOS_DEPLOYMENT_TARGET = 16.2;
				MTL_ENABLE_DEBUG_INFO = NO;
				MTL_FAST_MATH = YES;
				SDKROOT = iphoneos;
				SWIFT_COMPILATION_MODE = wholemodule;
				SWIFT_OPTIMIZATION_LEVEL = "-O";
				VALIDATE_PRODUCT = YES;
			};
			name = Release;
		};
		3705D33229CC0E5D00284B9A /* Debug */ = {
			isa = XCBuildConfiguration;
			buildSettings = {
				ASSETCATALOG_COMPILER_APPICON_NAME = AppIcon;
				ASSETCATALOG_COMPILER_GLOBAL_ACCENT_COLOR_NAME = AccentColor;
				CODE_SIGN_STYLE = Automatic;
				CURRENT_PROJECT_VERSION = 1;
				DEVELOPMENT_ASSET_PATHS = "\"appi-call/Preview Content\"";
				ENABLE_PREVIEWS = YES;
				GENERATE_INFOPLIST_FILE = YES;
				INFOPLIST_KEY_UIApplicationSceneManifest_Generation = YES;
				INFOPLIST_KEY_UIApplicationSupportsIndirectInputEvents = YES;
				INFOPLIST_KEY_UILaunchScreen_Generation = YES;
				INFOPLIST_KEY_UISupportedInterfaceOrientations_iPad = "UIInterfaceOrientationPortrait UIInterfaceOrientationPortraitUpsideDown UIInterfaceOrientationLandscapeLeft UIInterfaceOrientationLandscapeRight";
				INFOPLIST_KEY_UISupportedInterfaceOrientations_iPhone = "UIInterfaceOrientationPortrait UIInterfaceOrientationLandscapeLeft UIInterfaceOrientationLandscapeRight";
				LD_RUNPATH_SEARCH_PATHS = (
					"$(inherited)",
					"@executable_path/Frameworks",
				);
				MARKETING_VERSION = 1.0;
				PRODUCT_BUNDLE_IDENTIFIER = "com.lharo.appi-call";
				PRODUCT_NAME = "$(TARGET_NAME)";
				SWIFT_EMIT_LOC_STRINGS = YES;
				SWIFT_VERSION = 5.0;
				TARGETED_DEVICE_FAMILY = "1,2";
			};
			name = Debug;
		};
		3705D33329CC0E5D00284B9A /* Release */ = {
			isa = XCBuildConfiguration;
			buildSettings = {
				ASSETCATALOG_COMPILER_APPICON_NAME = AppIcon;
				ASSETCATALOG_COMPILER_GLOBAL_ACCENT_COLOR_NAME = AccentColor;
				CODE_SIGN_STYLE = Automatic;
				CURRENT_PROJECT_VERSION = 1;
				DEVELOPMENT_ASSET_PATHS = "\"appi-call/Preview Content\"";
				ENABLE_PREVIEWS = YES;
				GENERATE_INFOPLIST_FILE = YES;
				INFOPLIST_KEY_UIApplicationSceneManifest_Generation = YES;
				INFOPLIST_KEY_UIApplicationSupportsIndirectInputEvents = YES;
				INFOPLIST_KEY_UILaunchScreen_Generation = YES;
				INFOPLIST_KEY_UISupportedInterfaceOrientations_iPad = "UIInterfaceOrientationPortrait UIInterfaceOrientationPortraitUpsideDown UIInterfaceOrientationLandscapeLeft UIInterfaceOrientationLandscapeRight";
				INFOPLIST_KEY_UISupportedInterfaceOrientations_iPhone = "UIInterfaceOrientationPortrait UIInterfaceOrientationLandscapeLeft UIInterfaceOrientationLandscapeRight";
				LD_RUNPATH_SEARCH_PATHS = (
					"$(inherited)",
					"@executable_path/Frameworks",
				);
				MARKETING_VERSION = 1.0;
				PRODUCT_BUNDLE_IDENTIFIER = "com.lharo.appi-call";
				PRODUCT_NAME = "$(TARGET_NAME)";
				SWIFT_EMIT_LOC_STRINGS = YES;
				SWIFT_VERSION = 5.0;
				TARGETED_DEVICE_FAMILY = "1,2";
			};
			name = Release;
		};
/* End XCBuildConfiguration section */

/* Begin XCConfigurationList section */
		3705D31E29CC0E5B00284B9A /* Build configuration list for PBXProject "appi-call" */ = {
			isa = XCConfigurationList;
			buildConfigurations = (
				3705D32F29CC0E5D00284B9A /* Debug */,
				3705D33029CC0E5D00284B9A /* Release */,
			);
			defaultConfigurationIsVisible = 0;
			defaultConfigurationName = Release;
		};
		3705D33129CC0E5D00284B9A /* Build configuration list for PBXNativeTarget "appi-call" */ = {
			isa = XCConfigurationList;
			buildConfigurations = (
				3705D33229CC0E5D00284B9A /* Debug */,
				3705D33329CC0E5D00284B9A /* Release */,
			);
			defaultConfigurationIsVisible = 0;
			defaultConfigurationName = Release;
		};
/* End XCConfigurationList section */
	};
	rootObject = 3705D31B29CC0E5B00284B9A /* Project object */;
}
